# This file is generated by running "yarn install" inside your project.
# Manual changes might be lost - proceed with caution!

__metadata:
  version: 8
  cacheKey: 10c0

"@sindresorhus/is@npm:^0.7.0":
  version: 0.7.0
  resolution: "@sindresorhus/is@npm:0.7.0"
  checksum: 10c0/c5b483cfa36556326267d525504dfadced0cc3516c2014bbe1c60377ca8e778cd74de26b24666a818ab41da2660bb80d61f545e93be3471f5d022a9999ed5bb9
  languageName: node
  linkType: hard

"@types/keyv@npm:^3.1.1":
  version: 3.1.4
  resolution: "@types/keyv@npm:3.1.4"
  dependencies:
    "@types/node": "npm:*"
  checksum: 10c0/ff8f54fc49621210291f815fe5b15d809fd7d032941b3180743440bd507ecdf08b9e844625fa346af568c84bf34114eb378dcdc3e921a08ba1e2a08d7e3c809c
  languageName: node
  linkType: hard

"@types/node@npm:*":
  version: 25.0.9
  resolution: "@types/node@npm:25.0.9"
  dependencies:
    undici-types: "npm:~7.16.0"
  checksum: 10c0/a757efafe303d9c8833eb53c2e9a0981cd5ac725cdc04c5612a71db86468c938778d4fa328be4231b68fffc68258638764df7b9c69e86cf55f0bb67105eb056f
  languageName: node
  linkType: hard

"@types/responselike@npm:^1.0.0":
  version: 1.0.3
  resolution: "@types/responselike@npm:1.0.3"
  dependencies:
    "@types/node": "npm:*"
  checksum: 10c0/a58ba341cb9e7d74f71810a88862da7b2a6fa42e2a1fc0ce40498f6ea1d44382f0640117057da779f74c47039f7166bf48fad02dc876f94e005c7afa50f5e129
  languageName: node
  linkType: hard

"archive-type@npm:^4.0.0":
  version: 4.0.0
  resolution: "archive-type@npm:4.0.0"
  dependencies:
    file-type: "npm:^4.2.0"
  checksum: 10c0/ea51af0b8e3b374f79ba1921486145e03e2c6cae4e100b686173c1edc93db62d51695296a6252755257c23762cb1503dc82b6c9c320b85c51f71fd36851e10ed
  languageName: node
  linkType: hard

"asynckit@npm:^0.4.0":
  version: 0.4.0
  resolution: "asynckit@npm:0.4.0"
  checksum: 10c0/d73e2ddf20c4eb9337e1b3df1a0f6159481050a5de457c55b14ea2e5cb6d90bb69e004c9af54737a5ee0917fcf2c9e25de67777bbe58261847846066ba75bc9d
  languageName: node
  linkType: hard

"axios@npm:^1.13.2":
  version: 1.13.2
  resolution: "axios@npm:1.13.2"
  dependencies:
    follow-redirects: "npm:^1.15.6"
    form-data: "npm:^4.0.4"
    proxy-from-env: "npm:^1.1.0"
  checksum: 10c0/e8a42e37e5568ae9c7a28c348db0e8cf3e43d06fcbef73f0048669edfe4f71219664da7b6cc991b0c0f01c28a48f037c515263cb79be1f1ae8ff034cd813867b
  languageName: node
  linkType: hard

"base64-js@npm:0.0.8":
  version: 0.0.8
  resolution: "base64-js@npm:0.0.8"
  checksum: 10c0/60f02a9fdbbbb251c0a1064834d4062f5a3c4237edd9f0313282d75980a80ce303316795f7a80c8e240e524169644d88445ec0697b03f81ab9f4458090979375
  languageName: node
  linkType: hard

"bl@npm:^1.0.0":
  version: 1.2.3
  resolution: "bl@npm:1.2.3"
  dependencies:
    readable-stream: "npm:^2.3.5"
    safe-buffer: "npm:^5.1.1"
  checksum: 10c0/ee6478864d3b1295614f269f3fbabeb2362a2f2fc7f8dc2f6c1f944a278d84e0572ecefd6d0b0736d7418763f98dc3b2738253191ea9e98e4b08de211cfac0a6
  languageName: node
  linkType: hard

"buffer-alloc-unsafe@npm:^1.1.0":
  version: 1.1.0
  resolution: "buffer-alloc-unsafe@npm:1.1.0"
  checksum: 10c0/06b9298c9369621a830227c3797ceb3ff5535e323946d7b39a7398fed8b3243798259b3c85e287608c5aad35ccc551cec1a0a5190cc8f39652e8eee25697fc9c
  languageName: node
  linkType: hard

"buffer-alloc@npm:^1.2.0":
  version: 1.2.0
  resolution: "buffer-alloc@npm:1.2.0"
  dependencies:
    buffer-alloc-unsafe: "npm:^1.1.0"
    buffer-fill: "npm:^1.0.0"
  checksum: 10c0/09d87dd53996342ccfbeb2871257d8cdb25ce9ee2259adc95c6490200cd6e528c5fbae8f30bcc323fe8d8efb0fe541e4ac3bbe9ee3f81c6b7c4b27434cc02ab4
  languageName: node
  linkType: hard

"buffer-crc32@npm:~0.2.3":
  version: 0.2.13
  resolution: "buffer-crc32@npm:0.2.13"
  checksum: 10c0/cb0a8ddf5cf4f766466db63279e47761eb825693eeba6a5a95ee4ec8cb8f81ede70aa7f9d8aeec083e781d47154290eb5d4d26b3f7a465ec57fb9e7d59c47150
  languageName: node
  linkType: hard

"buffer-fill@npm:^1.0.0":
  version: 1.0.0
  resolution: "buffer-fill@npm:1.0.0"
  checksum: 10c0/55b5654fbbf2d7ceb4991bb537f5e5b5b5b9debca583fee416a74fcec47c16d9e7a90c15acd27577da7bd750b7fa6396e77e7c221e7af138b6d26242381c6e4d
  languageName: node
  linkType: hard

"buffer@npm:^3.0.1":
  version: 3.6.0
  resolution: "buffer@npm:3.6.0"
  dependencies:
    base64-js: "npm:0.0.8"
    ieee754: "npm:^1.1.4"
    isarray: "npm:^1.0.0"
  checksum: 10c0/8200dd22357949d38133988052ff743a6b776f6f5a905a8bcabac026c6a4ccc45089ac300b59c31547f5cda259b1dacc5c591558584188e05faef965dfb58c8c
  languageName: node
  linkType: hard

"cacheable-request@npm:^2.1.1":
  version: 2.1.4
  resolution: "cacheable-request@npm:2.1.4"
  dependencies:
    clone-response: "npm:1.0.2"
    get-stream: "npm:3.0.0"
    http-cache-semantics: "npm:3.8.1"
    keyv: "npm:3.0.0"
    lowercase-keys: "npm:1.0.0"
    normalize-url: "npm:2.0.1"
    responselike: "npm:1.0.2"
  checksum: 10c0/41ae13b3cd0ec2c68598b53f2b61b16eee2cb49f9dfa3fb156a0408644ef0d73d49c2f8d86faf32f9866536fe34908810fc695b05e055c4b12459f6be413e6c5
  languageName: node
  linkType: hard

"call-bind-apply-helpers@npm:^1.0.1, call-bind-apply-helpers@npm:^1.0.2":
  version: 1.0.2
  resolution: "call-bind-apply-helpers@npm:1.0.2"
  dependencies:
    es-errors: "npm:^1.3.0"
    function-bind: "npm:^1.1.2"
  checksum: 10c0/47bd9901d57b857590431243fea704ff18078b16890a6b3e021e12d279bbf211d039155e27d7566b374d49ee1f8189344bac9833dec7a20cdec370506361c938
  languageName: node
  linkType: hard

"caw@npm:^2.0.1":
  version: 2.0.1
  resolution: "caw@npm:2.0.1"
  dependencies:
    get-proxy: "npm:^2.0.0"
    isurl: "npm:^1.0.0-alpha5"
    tunnel-agent: "npm:^0.6.0"
    url-to-options: "npm:^1.0.1"
  checksum: 10c0/ba9f6560920be553451298e34d417a4e47e914f0feefbd45acf66471d3d989f669379d04b2e76d29dbca7a923b0b94b988aab7e8512b915a74b1affe7160b2e7
  languageName: node
  linkType: hard

"clone-response@npm:1.0.2":
  version: 1.0.2
  resolution: "clone-response@npm:1.0.2"
  dependencies:
    mimic-response: "npm:^1.0.0"
  checksum: 10c0/96f3527ef86d0c322e0a5188d929ab78ddbc3238d47ccbb00f8abb02b02e4ef70339646ec73d657383ffbdb1f0cfef6a937062d4f701ca6f84cee7a37114007f
  languageName: node
  linkType: hard

"cmb-software-cache@workspace:.":
  version: 0.0.0-use.local
  resolution: "cmb-software-cache@workspace:."
  dependencies:
    axios: "npm:^1.13.2"
    download: "npm:^7.1.0"
  languageName: unknown
  linkType: soft

"combined-stream@npm:^1.0.8":
  version: 1.0.8
  resolution: "combined-stream@npm:1.0.8"
  dependencies:
    delayed-stream: "npm:~1.0.0"
  checksum: 10c0/0dbb829577e1b1e839fa82b40c07ffaf7de8a09b935cadd355a73652ae70a88b4320db322f6634a4ad93424292fa80973ac6480986247f1734a1137debf271d5
  languageName: node
  linkType: hard

"commander@npm:~2.8.1":
  version: 2.8.1
  resolution: "commander@npm:2.8.1"
  dependencies:
    graceful-readlink: "npm:>= 1.0.0"
  checksum: 10c0/803a32badf466a5a96684996e8939b583f9a810197ad51f6f3c5d274c3f25271ba775e3930865241efa5e82e5da4fcc1831c43320cebca193b573dd0fc00f04d
  languageName: node
  linkType: hard

"config-chain@npm:^1.1.11":
  version: 1.1.12
  resolution: "config-chain@npm:1.1.12"
  dependencies:
    ini: "npm:^1.3.4"
    proto-list: "npm:~1.2.1"
  checksum: 10c0/fd07fb8ca4d06d540ee64824ca4778065eefaaed59e1ad157b6a7d764370581dfb44f2dda7cf65589a9199e27f7afe73c271b2e45abe3d766a915ad926150361
  languageName: node
  linkType: hard

"content-disposition@npm:^0.5.2":
  version: 0.5.2
  resolution: "content-disposition@npm:0.5.2"
  checksum: 10c0/49eebaa0da1f9609b192e99d7fec31d1178cb57baa9d01f5b63b29787ac31e9d18b5a1033e854c68c9b6cce790e700a6f7fa60e43f95e2e416404e114a8f2f49
  languageName: node
  linkType: hard

"core-util-is@npm:~1.0.0":
  version: 1.0.2
  resolution: "core-util-is@npm:1.0.2"
  checksum: 10c0/980a37a93956d0de8a828ce508f9b9e3317039d68922ca79995421944146700e4aaf490a6dbfebcb1c5292a7184600c7710b957d724be1e37b8254c6bc0fe246
  languageName: node
  linkType: hard

"decode-uri-component@npm:^0.2.0":
  version: 0.2.2
  resolution: "decode-uri-component@npm:0.2.2"
  checksum: 10c0/1f4fa54eb740414a816b3f6c24818fbfcabd74ac478391e9f4e2282c994127db02010ce804f3d08e38255493cfe68608b3f5c8e09fd6efc4ae46c807691f7a31
  languageName: node
  linkType: hard

"decompress-response@npm:^3.3.0":
  version: 3.3.0
  resolution: "decompress-response@npm:3.3.0"
  dependencies:
    mimic-response: "npm:^1.0.0"
  checksum: 10c0/5ffaf1d744277fd51c68c94ddc3081cd011b10b7de06637cccc6ecba137d45304a09ba1a776dee1c47fccc60b4a056c4bc74468eeea798ff1f1fca0024b45c9d
  languageName: node
  linkType: hard

"decompress-tar@npm:^4.0.0, decompress-tar@npm:^4.1.0, decompress-tar@npm:^4.1.1":
  version: 4.1.1
  resolution: "decompress-tar@npm:4.1.1"
  dependencies:
    file-type: "npm:^5.2.0"
    is-stream: "npm:^1.1.0"
    tar-stream: "npm:^1.5.2"
  checksum: 10c0/92d86c5dfe2a89f9b5db584668f8ed2a3107339083872c7f78b5f7d55222d954545e018c10346a50991542ad6d1406128bf1c97a24f023810993a1dcfb3c3f21
  languageName: node
  linkType: hard

"decompress-tarbz2@npm:^4.0.0":
  version: 4.1.1
  resolution: "decompress-tarbz2@npm:4.1.1"
  dependencies:
    decompress-tar: "npm:^4.1.0"
    file-type: "npm:^6.1.0"
    is-stream: "npm:^1.1.0"
    seek-bzip: "npm:^1.0.5"
    unbzip2-stream: "npm:^1.0.9"
  checksum: 10c0/d5ab2c2435a53f45da8348ffdb5ae0a3ff8fec55948b7890a1c55413de4d1e539a22978e7dcd8bd3561985878c9778253fe146cbdea429f04fa4529abb57c54e
  languageName: node
  linkType: hard

"decompress-targz@npm:^4.0.0":
  version: 4.1.1
  resolution: "decompress-targz@npm:4.1.1"
  dependencies:
    decompress-tar: "npm:^4.1.1"
    file-type: "npm:^5.2.0"
    is-stream: "npm:^1.1.0"
  checksum: 10c0/42514fb2df6248c56b2b115494b7d1d046bc582e960354ba4faad5792f261782a61d17d9ef53845abe78c0f0ecafc195cb0754c00227fa0bd0642a1bfd8eafad
  languageName: node
  linkType: hard

"decompress-unzip@npm:^4.0.1":
  version: 4.0.1
  resolution: "decompress-unzip@npm:4.0.1"
  dependencies:
    file-type: "npm:^3.8.0"
    get-stream: "npm:^2.2.0"
    pify: "npm:^2.3.0"
    yauzl: "npm:^2.4.2"
  checksum: 10c0/896f88e1c23b59cdce022227a8910c06158bd4b296c21d61af7167bd50d00e9e4355b605bdbfd7ba75d46ad277d4f881cdd037aec7165a40ccd0ee4ef59443a8
  languageName: node
  linkType: hard

"decompress@npm:^4.2.0":
  version: 4.2.1
  resolution: "decompress@npm:4.2.1"
  dependencies:
    decompress-tar: "npm:^4.0.0"
    decompress-tarbz2: "npm:^4.0.0"
    decompress-targz: "npm:^4.0.0"
    decompress-unzip: "npm:^4.0.1"
    graceful-fs: "npm:^4.1.10"
    make-dir: "npm:^1.0.0"
    pify: "npm:^2.3.0"
    strip-dirs: "npm:^2.0.0"
  checksum: 10c0/6730279fa206aad04a8338a88ab49c596034c502b2d5f23a28d0a28290b82d9217f9e60c8b5739805474ca842fc856e08e2d64ed759f2118c2bcabe42fa9eece
  languageName: node
  linkType: hard

"delayed-stream@npm:~1.0.0":
  version: 1.0.0
  resolution: "delayed-stream@npm:1.0.0"
  checksum: 10c0/d758899da03392e6712f042bec80aa293bbe9e9ff1b2634baae6a360113e708b91326594c8a486d475c69d6259afb7efacdc3537bfcda1c6c648e390ce601b19
  languageName: node
  linkType: hard

"download@npm:^7.1.0":
  version: 7.1.0
  resolution: "download@npm:7.1.0"
  dependencies:
    archive-type: "npm:^4.0.0"
    caw: "npm:^2.0.1"
    content-disposition: "npm:^0.5.2"
    decompress: "npm:^4.2.0"
    ext-name: "npm:^5.0.0"
    file-type: "npm:^8.1.0"
    filenamify: "npm:^2.0.0"
    get-stream: "npm:^3.0.0"
    got: "npm:^8.3.1"
    make-dir: "npm:^1.2.0"
    p-event: "npm:^2.1.0"
    pify: "npm:^3.0.0"
  checksum: 10c0/19f6a36fdc8fced5c56a6f08572c33d7291fc052ff5fa34846f41dcec8c564bc805ab200f712fecab8556311a7f1ed4811514d8243d1c2d657e5da3fc4a49c12
  languageName: node
  linkType: hard

"dunder-proto@npm:^1.0.1":
  version: 1.0.1
  resolution: "dunder-proto@npm:1.0.1"
  dependencies:
    call-bind-apply-helpers: "npm:^1.0.1"
    es-errors: "npm:^1.3.0"
    gopd: "npm:^1.2.0"
  checksum: 10c0/199f2a0c1c16593ca0a145dbf76a962f8033ce3129f01284d48c45ed4e14fea9bbacd7b3610b6cdc33486cef20385ac054948fefc6272fcce645c09468f93031
  languageName: node
  linkType: hard

"duplexer3@npm:^0.1.4":
  version: 0.1.4
  resolution: "duplexer3@npm:0.1.4"
  checksum: 10c0/734e10ac7c3053b81374fa00153e884e257db27759bd63a774cb1551e1873189cdce79a8829659964d8b5113c49e45d517592ecbbb5e5201a4181b88f8ce8b0c
  languageName: node
  linkType: hard

"end-of-stream@npm:^1.0.0":
  version: 1.4.1
  resolution: "end-of-stream@npm:1.4.1"
  dependencies:
    once: "npm:^1.4.0"
  checksum: 10c0/ae228780ef83a74152ff7bbca85e25216ac5fe98bd7c865dece47b03137297f747d7a7f6a00e1440e18315e9f572edf42fda839c3a51f7f15931577420a7610b
  languageName: node
  linkType: hard

"es-define-property@npm:^1.0.1":
  version: 1.0.1
  resolution: "es-define-property@npm:1.0.1"
  checksum: 10c0/3f54eb49c16c18707949ff25a1456728c883e81259f045003499efba399c08bad00deebf65cccde8c0e07908c1a225c9d472b7107e558f2a48e28d530e34527c
  languageName: node
  linkType: hard

"es-errors@npm:^1.3.0":
  version: 1.3.0
  resolution: "es-errors@npm:1.3.0"
  checksum: 10c0/0a61325670072f98d8ae3b914edab3559b6caa980f08054a3b872052640d91da01d38df55df797fcc916389d77fc92b8d5906cf028f4db46d7e3003abecbca85
  languageName: node
  linkType: hard

"es-object-atoms@npm:^1.0.0, es-object-atoms@npm:^1.1.1":
  version: 1.1.1
  resolution: "es-object-atoms@npm:1.1.1"
  dependencies:
    es-errors: "npm:^1.3.0"
  checksum: 10c0/65364812ca4daf48eb76e2a3b7a89b3f6a2e62a1c420766ce9f692665a29d94fe41fe88b65f24106f449859549711e4b40d9fb8002d862dfd7eb1c512d10be0c
  languageName: node
  linkType: hard

"es-set-tostringtag@npm:^2.1.0":
  version: 2.1.0
  resolution: "es-set-tostringtag@npm:2.1.0"
  dependencies:
    es-errors: "npm:^1.3.0"
    get-intrinsic: "npm:^1.2.6"
    has-tostringtag: "npm:^1.0.2"
    hasown: "npm:^2.0.2"
  checksum: 10c0/ef2ca9ce49afe3931cb32e35da4dcb6d86ab02592cfc2ce3e49ced199d9d0bb5085fc7e73e06312213765f5efa47cc1df553a6a5154584b21448e9fb8355b1af
  languageName: node
  linkType: hard

"escape-string-regexp@npm:^1.0.2":
  version: 1.0.5
  resolution: "escape-string-regexp@npm:1.0.5"
  checksum: 10c0/a968ad453dd0c2724e14a4f20e177aaf32bb384ab41b674a8454afe9a41c5e6fe8903323e0a1052f56289d04bd600f81278edf140b0fcc02f5cac98d0f5b5371
  languageName: node
  linkType: hard

"ext-list@npm:^2.0.0":
  version: 2.2.2
  resolution: "ext-list@npm:2.2.2"
  dependencies:
    mime-db: "npm:^1.28.0"
  checksum: 10c0/bfdb435f333dccbf3f9698dc9d8e38eb47b42d756800bfafa9ec0c1c8aace877c40095baf36f691bcfd09bb88ed247c6e51596e75a158280fa19cf8588a7e258
  languageName: node
  linkType: hard

"ext-name@npm:^5.0.0":
  version: 5.0.0
  resolution: "ext-name@npm:5.0.0"
  dependencies:
    ext-list: "npm:^2.0.0"
    sort-keys-length: "npm:^1.0.0"
  checksum: 10c0/6750b34636bb6dca78e1bcc797615af68ecf50d62cf774624a32ee7879da99c949b5c41e8aa56ede4eb15c6abad6b1a8858d0934faab75ff6e2fd6f408debe18
  languageName: node
  linkType: hard

"fd-slicer@npm:~1.1.0":
  version: 1.1.0
  resolution: "fd-slicer@npm:1.1.0"
  dependencies:
    pend: "npm:~1.2.0"
  checksum: 10c0/304dd70270298e3ffe3bcc05e6f7ade2511acc278bc52d025f8918b48b6aa3b77f10361bddfadfe2a28163f7af7adbdce96f4d22c31b2f648ba2901f0c5fc20e
  languageName: node
  linkType: hard

"file-type@npm:^3.8.0":
  version: 3.9.0
  resolution: "file-type@npm:3.9.0"
  checksum: 10c0/7ae074b350c2300807a99d428600a8ee6b2ace901400898706a20ddc2c43c9abb7e05177ff55ed67a2fd26dfa9b91857b21ec9c0ab3202b9cabebc7e65900240
  languageName: node
  linkType: hard

"file-type@npm:^4.2.0":
  version: 4.4.0
  resolution: "file-type@npm:4.4.0"
  checksum: 10c0/9579e6efb6ed262d82e6e282ea301bee781e66491eadf5a2b5ebf2502394ddaa00be37549d8067dd7d4e7c2b145921f37f8262b0544734804d38ceedcb36229f
  languageName: node
  linkType: hard

"file-type@npm:^5.2.0":
  version: 5.2.0
  resolution: "file-type@npm:5.2.0"
  checksum: 10c0/c16c2f4e484a838c12b63e08637277905f08aebb1afbc291086029210aea17ded5ed701c9a4588313446ae0c1da71566b58df9a9c758a1ec300c4f80b9713cbf
  languageName: node
  linkType: hard

"file-type@npm:^6.1.0":
  version: 6.2.0
  resolution: "file-type@npm:6.2.0"
  checksum: 10c0/3d7fe85a10bd97ca0c35fd9a20d21f5b20849bbb70985d37c34475051433f3c6109c76a3e5893bff6773037b769be9730a2db762789ecf25def9b62a4c2ee953
  languageName: node
  linkType: hard

"file-type@npm:^8.1.0":
  version: 8.1.0
  resolution: "file-type@npm:8.1.0"
  checksum: 10c0/e46080a093bc1ac345c3d3e9e2bcb5ab8ef2d9866916e17d623bca823cc2d1288469e54e18758b2aebf4d0c27972d336305791415f961676d6fa0696a5889153
  languageName: node
  linkType: hard

"filename-reserved-regex@npm:^2.0.0":
  version: 2.0.0
  resolution: "filename-reserved-regex@npm:2.0.0"
  checksum: 10c0/453740b7f9fd126e508da555b37e38c1f7ff19f5e9f3d297b2de1beb09854957baddd74c83235e87b16e9ce27a2368798896669edad5a81b5b7bd8cb57c942fc
  languageName: node
  linkType: hard

"filenamify@npm:^2.0.0":
  version: 2.1.0
  resolution: "filenamify@npm:2.1.0"
  dependencies:
    filename-reserved-regex: "npm:^2.0.0"
    strip-outer: "npm:^1.0.0"
    trim-repeated: "npm:^1.0.0"
  checksum: 10c0/47f107f94f69f89b7490bbead2a03ab2aa6ea7d07733afc169b24ad4bac7193c0bef40c3e23c9505bc5eaf93bea2cfbce460fb6073e580d7675fa0cbdce225fd
  languageName: node
  linkType: hard

"follow-redirects@npm:^1.15.6":
  version: 1.15.11
  resolution: "follow-redirects@npm:1.15.11"
  peerDependenciesMeta:
    debug:
      optional: true
  checksum: 10c0/d301f430542520a54058d4aeeb453233c564aaccac835d29d15e050beb33f339ad67d9bddbce01739c5dc46a6716dbe3d9d0d5134b1ca203effa11a7ef092343
  languageName: node
  linkType: hard

"form-data@npm:^4.0.4":
  version: 4.0.5
  resolution: "form-data@npm:4.0.5"
  dependencies:
    asynckit: "npm:^0.4.0"
    combined-stream: "npm:^1.0.8"
    es-set-tostringtag: "npm:^2.1.0"
    hasown: "npm:^2.0.2"
    mime-types: "npm:^2.1.12"
  checksum: 10c0/dd6b767ee0bbd6d84039db12a0fa5a2028160ffbfaba1800695713b46ae974a5f6e08b3356c3195137f8530dcd9dfcb5d5ae1eeff53d0db1e5aad863b619ce3b
  languageName: node
  linkType: hard

"from2@npm:^2.1.1":
  version: 2.3.0
  resolution: "from2@npm:2.3.0"
  dependencies:
    inherits: "npm:^2.0.1"
    readable-stream: "npm:^2.0.0"
  checksum: 10c0/f87f7a2e4513244d551454a7f8324ef1f7837864a8701c536417286ec19ff4915606b1dfa8909a21b7591ebd8440ffde3642f7c303690b9a4d7c832d62248aa1
  languageName: node
  linkType: hard

"fs-constants@npm:^1.0.0":
  version: 1.0.0
  resolution: "fs-constants@npm:1.0.0"
  checksum: 10c0/a0cde99085f0872f4d244e83e03a46aa387b74f5a5af750896c6b05e9077fac00e9932fdf5aef84f2f16634cd473c63037d7a512576da7d5c2b9163d1909f3a8
  languageName: node
  linkType: hard

"function-bind@npm:^1.1.2":
  version: 1.1.2
  resolution: "function-bind@npm:1.1.2"
  checksum: 10c0/d8680ee1e5fcd4c197e4ac33b2b4dce03c71f4d91717292785703db200f5c21f977c568d28061226f9b5900cbcd2c84463646134fd5337e7925e0942bc3f46d5
  languageName: node
  linkType: hard

"get-intrinsic@npm:^1.2.6":
  version: 1.3.0
  resolution: "get-intrinsic@npm:1.3.0"
  dependencies:
    call-bind-apply-helpers: "npm:^1.0.2"
    es-define-property: "npm:^1.0.1"
    es-errors: "npm:^1.3.0"
    es-object-atoms: "npm:^1.1.1"
    function-bind: "npm:^1.1.2"
    get-proto: "npm:^1.0.1"
    gopd: "npm:^1.2.0"
    has-symbols: "npm:^1.1.0"
    hasown: "npm:^2.0.2"
    math-intrinsics: "npm:^1.1.0"
  checksum: 10c0/52c81808af9a8130f581e6a6a83e1ba4a9f703359e7a438d1369a5267a25412322f03dcbd7c549edaef0b6214a0630a28511d7df0130c93cfd380f4fa0b5b66a
  languageName: node
  linkType: hard

"get-proto@npm:^1.0.1":
  version: 1.0.1
  resolution: "get-proto@npm:1.0.1"
  dependencies:
    dunder-proto: "npm:^1.0.1"
    es-object-atoms: "npm:^1.0.0"
  checksum: 10c0/9224acb44603c5526955e83510b9da41baf6ae73f7398875fba50edc5e944223a89c4a72b070fcd78beb5f7bdda58ecb6294adc28f7acfc0da05f76a2399643c
  languageName: node
  linkType: hard

"get-proxy@npm:^2.0.0":
  version: 2.1.0
  resolution: "get-proxy@npm:2.1.0"
  dependencies:
    npm-conf: "npm:^1.1.0"
  checksum: 10c0/48a677061f90fea7a4fede28edb854d2433901b80beb1d240a42889092a7c38f23081de936e12048c55ed35e1f64d701ee8c07817469b3a916f03d9a2d78b8c0
  languageName: node
  linkType: hard

"get-stream@npm:3.0.0, get-stream@npm:^3.0.0":
  version: 3.0.0
  resolution: "get-stream@npm:3.0.0"
  checksum: 10c0/003f5f3b8870da59c6aafdf6ed7e7b07b48c2f8629cd461bd3900726548b6b8cfa2e14d6b7814fbb08f07a42f4f738407fa70b989928b2783a76b278505bba22
  languageName: node
  linkType: hard

"get-stream@npm:^2.2.0":
  version: 2.3.1
  resolution: "get-stream@npm:2.3.1"
  dependencies:
    object-assign: "npm:^4.0.1"
    pinkie-promise: "npm:^2.0.0"
  checksum: 10c0/46c12f496e7edec688a1cc570fe7556ce91e91201fa7efb146853fb9f0a8f0b0bb9a02cf9d9e4e9d4e2097f98c83b09621d9034c25ca0cf80ae6f4dace9c3465
  languageName: node
  linkType: hard

"gopd@npm:^1.2.0":
  version: 1.2.0
  resolution: "gopd@npm:1.2.0"
  checksum: 10c0/50fff1e04ba2b7737c097358534eacadad1e68d24cccee3272e04e007bed008e68d2614f3987788428fd192a5ae3889d08fb2331417e4fc4a9ab366b2043cead
  languageName: node
  linkType: hard

"got@npm:^8.3.1":
  version: 8.3.2
  resolution: "got@npm:8.3.2"
  dependencies:
    "@sindresorhus/is": "npm:^0.7.0"
    cacheable-request: "npm:^2.1.1"
    decompress-response: "npm:^3.3.0"
    duplexer3: "npm:^0.1.4"
    get-stream: "npm:^3.0.0"
    into-stream: "npm:^3.1.0"
    is-retry-allowed: "npm:^1.1.0"
    isurl: "npm:^1.0.0-alpha5"
    lowercase-keys: "npm:^1.0.0"
    mimic-response: "npm:^1.0.0"
    p-cancelable: "npm:^0.4.0"
    p-timeout: "npm:^2.0.1"
    pify: "npm:^3.0.0"
    safe-buffer: "npm:^5.1.1"
    timed-out: "npm:^4.0.1"
    url-parse-lax: "npm:^3.0.0"
    url-to-options: "npm:^1.0.1"
  checksum: 10c0/1a3c772fc2f7d6800113b093b391f6864aa1ae5bdf7c6ad6fafc8a42a895e217dbea9b936438c185e2fff612d7ac40c4867d20ad7ba8652caca316994bcf5404
  languageName: node
  linkType: hard

"graceful-fs@npm:^4.1.10":
  version: 4.1.15
  resolution: "graceful-fs@npm:4.1.15"
  checksum: 10c0/3f6a67b5d77b04ecf1eecd2fd82c51b64d073db1a7f3144fca70bcbf272a49908cd9b46994e07bb35d6bdbbe6a1cab8b53161fdedbce17e8ff699c03a434f62d
  languageName: node
  linkType: hard

"graceful-readlink@npm:>= 1.0.0":
  version: 1.0.1
  resolution: "graceful-readlink@npm:1.0.1"
  checksum: 10c0/c53e703257e77f8a4495ff0d476c09aa413251acd26684f4544771b15e0ad361d1075b8f6d27b52af6942ea58155a9bbdb8125d717c70df27117460fee295a54
  languageName: node
  linkType: hard

"has-symbol-support-x@npm:^1.4.1":
  version: 1.4.2
  resolution: "has-symbol-support-x@npm:1.4.2"
  checksum: 10c0/993f0e1a7a2c8f41f356b20c33cda49bc2f5c4442f858b0fa58b4852f4ba50e7d7400a2734822c415975114e6f768bba9bb6063dd687026baaeeed6453d94a03
  languageName: node
  linkType: hard

"has-symbols@npm:^1.0.3, has-symbols@npm:^1.1.0":
  version: 1.1.0
  resolution: "has-symbols@npm:1.1.0"
  checksum: 10c0/dde0a734b17ae51e84b10986e651c664379018d10b91b6b0e9b293eddb32f0f069688c841fb40f19e9611546130153e0a2a48fd7f512891fb000ddfa36f5a20e
  languageName: node
  linkType: hard

"has-to-string-tag-x@npm:^1.2.0":
  version: 1.4.1
  resolution: "has-to-string-tag-x@npm:1.4.1"
  dependencies:
    has-symbol-support-x: "npm:^1.4.1"
  checksum: 10c0/e7197e830fe55afe596fc3fe4ab23fa455f69a1ba850b493e527c728d1e6d2ecc7197ab38b8bdc7ae8a7669e23c19a8b9f52f853a509639c70e0efbdc5d175e5
  languageName: node
  linkType: hard

"has-tostringtag@npm:^1.0.2":
  version: 1.0.2
  resolution: "has-tostringtag@npm:1.0.2"
  dependencies:
    has-symbols: "npm:^1.0.3"
  checksum: 10c0/a8b166462192bafe3d9b6e420a1d581d93dd867adb61be223a17a8d6dad147aa77a8be32c961bb2f27b3ef893cae8d36f564ab651f5e9b7938ae86f74027c48c
  languageName: node
  linkType: hard

"hasown@npm:^2.0.2":
  version: 2.0.2
  resolution: "hasown@npm:2.0.2"
  dependencies:
    function-bind: "npm:^1.1.2"
  checksum: 10c0/3769d434703b8ac66b209a4cca0737519925bbdb61dd887f93a16372b14694c63ff4e797686d87c90f08168e81082248b9b028bad60d4da9e0d1148766f56eb9
  languageName: node
  linkType: hard

"http-cache-semantics@npm:3.8.1":
  version: 3.8.1
  resolution: "http-cache-semantics@npm:3.8.1"
  checksum: 10c0/8925daec009618d5a48c8a36fcb312785fe78c7b22db8008ed58ca84d08fdc41596b63e0507b577ad0bf46e868a74944ab03a037fdb3f31d5d49d3c79df8d9e4
  languageName: node
  linkType: hard

"ieee754@npm:^1.1.4":
  version: 1.1.12
  resolution: "ieee754@npm:1.1.12"
  checksum: 10c0/d169553197539ac9abd03eca797523574fdaa92f66675be8787cf7bb8957ae1b9079d327501aeba7467c93d487997038d8b656b969a9c250eab1f4b2ea3deb8d
  languageName: node
  linkType: hard

"inherits@npm:^2.0.1, inherits@npm:~2.0.3":
  version: 2.0.3
  resolution: "inherits@npm:2.0.3"
  checksum: 10c0/6e56402373149ea076a434072671f9982f5fad030c7662be0332122fe6c0fa490acb3cc1010d90b6eff8d640b1167d77674add52dfd1bb85d545cf29e80e73e7
  languageName: node
  linkType: hard

"ini@npm:^1.3.4":
  version: 1.3.7
  resolution: "ini@npm:1.3.7"
  checksum: 10c0/eec367cd86ed23ebd97a94a4fd6a5d82d87509ef3c4367d3fcab96fc1f4cd9f1ab766ffde82a774b9892d24e0b3c6418782c9f77cf9123785d4e2bb9c2d689b6
  languageName: node
  linkType: hard

"into-stream@npm:^3.1.0":
  version: 3.1.0
  resolution: "into-stream@npm:3.1.0"
  dependencies:
    from2: "npm:^2.1.1"
    p-is-promise: "npm:^1.1.0"
  checksum: 10c0/2f298ecb3ff9a9a58ae0407ddf390d7f1d6dfcda9c91e696b10194cb81266c1231dae01c09bd7c435049190d03676b6bc6ab4c258c85b03a98c55da93a5e314f
  languageName: node
  linkType: hard

"is-natural-number@npm:^4.0.1":
  version: 4.0.1
  resolution: "is-natural-number@npm:4.0.1"
  checksum: 10c0/f05c544cb0ad39d4410e2ae2244282bf61918ebbb808b665436ffca4f6bbe908d3ae3a8d21fe143d302951f157d969986dd432098b63899561639fcd1ce1c280
  languageName: node
  linkType: hard

"is-object@npm:^1.0.1":
  version: 1.0.1
  resolution: "is-object@npm:1.0.1"
  checksum: 10c0/a60b0aab49ec9b2e150c0518f3489c7bdf6342fbfc593f09dd26d867a7f0fc28e2d5031600943576706bd3bf806c4cc87d0d6d791bf65c4d80f30710a7377492
  languageName: node
  linkType: hard

"is-plain-obj@npm:^1.0.0":
  version: 1.1.0
  resolution: "is-plain-obj@npm:1.1.0"
  checksum: 10c0/daaee1805add26f781b413fdf192fc91d52409583be30ace35c82607d440da63cc4cac0ac55136716688d6c0a2c6ef3edb2254fecbd1fe06056d6bd15975ee8c
  languageName: node
  linkType: hard

"is-retry-allowed@npm:^1.1.0":
  version: 1.1.0
  resolution: "is-retry-allowed@npm:1.1.0"
  checksum: 10c0/59b139634f17169d150260e8fbef911364cf91ca5159a720ec0cf5169bbd1bf82f5297fbf3f456f7581730a70ffc1fdb5d9d910a9f1c723104ff061696909cd5
  languageName: node
  linkType: hard

"is-stream@npm:^1.1.0":
  version: 1.1.0
  resolution: "is-stream@npm:1.1.0"
  checksum: 10c0/b8ae7971e78d2e8488d15f804229c6eed7ed36a28f8807a1815938771f4adff0e705218b7dab968270433f67103e4fef98062a0beea55d64835f705ee72c7002
  languageName: node
  linkType: hard

"isarray@npm:^1.0.0, isarray@npm:~1.0.0":
  version: 1.0.0
  resolution: "isarray@npm:1.0.0"
  checksum: 10c0/18b5be6669be53425f0b84098732670ed4e727e3af33bc7f948aac01782110eb9a18b3b329c5323bcdd3acdaae547ee077d3951317e7f133bff7105264b3003d
  languageName: node
  linkType: hard

"isurl@npm:^1.0.0-alpha5":
  version: 1.0.0
  resolution: "isurl@npm:1.0.0"
  dependencies:
    has-to-string-tag-x: "npm:^1.2.0"
    is-object: "npm:^1.0.1"
  checksum: 10c0/137e377cd72fefdbc950a226a08e7b35d53672c3b7173b03e72194c3e78a03109aa44c15390b26445b90b7708acb89ca89ed3cd7cc55a6afc7c37cbc88fc581a
  languageName: node
  linkType: hard

"json-buffer@npm:3.0.0":
  version: 3.0.0
  resolution: "json-buffer@npm:3.0.0"
  checksum: 10c0/118c060d84430a8ad8376d0c60250830f350a6381bd56541a1ef257ce7ba82d109d1f71a4c4e92e0be0e7ab7da568fad8f7bf02905910a76e8e0aa338621b944
  languageName: node
  linkType: hard

"keyv@npm:3.0.0":
  version: 3.0.0
  resolution: "keyv@npm:3.0.0"
  dependencies:
    json-buffer: "npm:3.0.0"
  checksum: 10c0/eb128eb136d4b6bca08ac3936fb5a6ba630f1b9575289e8140c60cdc20b4df04cba5cfaa982df57516364bf62801d2c497cad70edca1270e72a2403876a42805
  languageName: node
  linkType: hard

"lowercase-keys@npm:1.0.0":
  version: 1.0.0
  resolution: "lowercase-keys@npm:1.0.0"
  checksum: 10c0/cd5cb8d8f41bf0f8f8f396c467b1872a3d0283528e3aff385f9978f1eb94c8ada3081f67ab3b97bbe70697a44e22bb12ec09fb1b099188b112575595b655b02b
  languageName: node
  linkType: hard

"lowercase-keys@npm:^1.0.0":
  version: 1.0.1
  resolution: "lowercase-keys@npm:1.0.1"
  checksum: 10c0/56776a8e1ef1aca98ecf6c19b30352ae1cf257b65b8ac858b7d8a0e8b348774d12a9b41aa7f59bfea51bff44bc7a198ab63ba4406bfba60dba008799618bef66
  languageName: node
  linkType: hard

"make-dir@npm:^1.0.0, make-dir@npm:^1.2.0":
  version: 1.3.0
  resolution: "make-dir@npm:1.3.0"
  dependencies:
    pify: "npm:^3.0.0"
  checksum: 10c0/5eb94f47d7ef41d89d1b8eef6539b8950d5bd99eeba093a942bfd327faa37d2d62227526b88b73633243a2ec7972d21eb0f4e5d62ae4e02a79e389f4a7bb3022
  languageName: node
  linkType: hard

"math-intrinsics@npm:^1.1.0":
  version: 1.1.0
  resolution: "math-intrinsics@npm:1.1.0"
  checksum: 10c0/7579ff94e899e2f76ab64491d76cf606274c874d8f2af4a442c016bd85688927fcfca157ba6bf74b08e9439dc010b248ce05b96cc7c126a354c3bae7fcb48b7f
  languageName: node
  linkType: hard

"mime-db@npm:1.52.0":
  version: 1.52.0
  resolution: "mime-db@npm:1.52.0"
  checksum: 10c0/0557a01deebf45ac5f5777fe7740b2a5c309c6d62d40ceab4e23da9f821899ce7a900b7ac8157d4548ddbb7beffe9abc621250e6d182b0397ec7f10c7b91a5aa
  languageName: node
  linkType: hard

"mime-db@npm:^1.28.0":
  version: 1.37.0
  resolution: "mime-db@npm:1.37.0"
  checksum: 10c0/58dc0b0b1016041641c9364dc3fc56c548377422df15b891296c9a0d294f3d2f7f2b86ed3291673aab185027042af43585cd0c4c54d1876e23b2149da6004069
  languageName: node
  linkType: hard

"mime-types@npm:^2.1.12":
  version: 2.1.35
  resolution: "mime-types@npm:2.1.35"
  dependencies:
    mime-db: "npm:1.52.0"
  checksum: 10c0/82fb07ec56d8ff1fc999a84f2f217aa46cb6ed1033fefaabd5785b9a974ed225c90dc72fff460259e66b95b73648596dbcc50d51ed69cdf464af2d237d3149b2
  languageName: node
  linkType: hard

"mimic-response@npm:^1.0.0":
  version: 1.0.1
  resolution: "mimic-response@npm:1.0.1"
  checksum: 10c0/c5381a5eae997f1c3b5e90ca7f209ed58c3615caeee850e85329c598f0c000ae7bec40196580eef1781c60c709f47258131dab237cad8786f8f56750594f27fa
  languageName: node
  linkType: hard

"normalize-url@npm:2.0.1":
  version: 2.0.1
  resolution: "normalize-url@npm:2.0.1"
  dependencies:
    prepend-http: "npm:^2.0.0"
    query-string: "npm:^5.0.1"
    sort-keys: "npm:^2.0.0"
  checksum: 10c0/a1fe89ca96cfb48000d031432ced9b6aaba5be18e49ce784426096ac51fcc775744b51df6a6eb79a0af3f86681ab26834afcae58eff28c84833db64824bdd494
  languageName: node
  linkType: hard

"npm-conf@npm:^1.1.0":
  version: 1.1.3
  resolution: "npm-conf@npm:1.1.3"
  dependencies:
    config-chain: "npm:^1.1.11"
    pify: "npm:^3.0.0"
  checksum: 10c0/4a54540e1e5ade9afe4b3be2e651a1198172015f8c51293c7124c4dfae402f2b67549cdf1d0eb918f3ef66016ba63672520b4bb3afaef815f5e98b52a74f5848
  languageName: node
  linkType: hard

"object-assign@npm:^4.0.1, object-assign@npm:^4.1.0":
  version: 4.1.1
  resolution: "object-assign@npm:4.1.1"
  checksum: 10c0/1f4df9945120325d041ccf7b86f31e8bcc14e73d29171e37a7903050e96b81323784ec59f93f102ec635bcf6fa8034ba3ea0a8c7e69fa202b87ae3b6cec5a414
  languageName: node
  linkType: hard

"once@npm:^1.4.0":
  version: 1.4.0
  resolution: "once@npm:1.4.0"
  dependencies:
    wrappy: "npm:1"
  checksum: 10c0/5d48aca287dfefabd756621c5dfce5c91a549a93e9fdb7b8246bc4c4790aa2ec17b34a260530474635147aeb631a2dcc8b32c613df0675f96041cbb8244517d0
  languageName: node
  linkType: hard

"p-cancelable@npm:^0.4.0":
  version: 0.4.1
  resolution: "p-cancelable@npm:0.4.1"
  checksum: 10c0/cc066ac107958fa2549f1c270e00ec1b25cfbeda867f93599a414806b3631cd9451533acb2bda3efda4bf4a54a2f9d6cc51dd6d06c08c25b806b3dfe5ff69b29
  languageName: node
  linkType: hard

"p-event@npm:^2.1.0":
  version: 2.1.0
  resolution: "p-event@npm:2.1.0"
  dependencies:
    p-timeout: "npm:^2.0.1"
  checksum: 10c0/80e4920180e72498204fba3ede9a0a79b3141e609f91bfabd85df730f4356657457e172eddf8a639ba8aef5ac249e01b42fe9d53e51a31f23ba34b3f2f1a0936
  languageName: node
  linkType: hard

"p-finally@npm:^1.0.0":
  version: 1.0.0
  resolution: "p-finally@npm:1.0.0"
  checksum: 10c0/6b8552339a71fe7bd424d01d8451eea92d379a711fc62f6b2fe64cad8a472c7259a236c9a22b4733abca0b5666ad503cb497792a0478c5af31ded793d00937e7
  languageName: node
  linkType: hard

"p-is-promise@npm:^1.1.0":
  version: 1.1.0
  resolution: "p-is-promise@npm:1.1.0"
  checksum: 10c0/b3f945a18e3e16a7a5fda131250f7a96f59ceb6fdceee87576044790b99b97a5ab5d4a9ae878d2746f762b99efc0a8c1e3b21b5269e3537fbfdb443a38eeb9bf
  languageName: node
  linkType: hard

"p-timeout@npm:^2.0.1":
  version: 2.0.1
  resolution: "p-timeout@npm:2.0.1"
  dependencies:
    p-finally: "npm:^1.0.0"
  checksum: 10c0/26f7baa19a9a60c694e73d2727d169b357bb91e91112dfe50daa513230573ddf157b2f2c1779fb66da0f84ae952d39969f70a0cb1818f7c109ad8d4df49f99a3
  languageName: node
  linkType: hard

"pend@npm:~1.2.0":
  version: 1.2.0
  resolution: "pend@npm:1.2.0"
  checksum: 10c0/8a87e63f7a4afcfb0f9f77b39bb92374afc723418b9cb716ee4257689224171002e07768eeade4ecd0e86f1fa3d8f022994219fb45634f2dbd78c6803e452458
  languageName: node
  linkType: hard

"pify@npm:^2.3.0":
  version: 2.3.0
  resolution: "pify@npm:2.3.0"
  checksum: 10c0/551ff8ab830b1052633f59cb8adc9ae8407a436e06b4a9718bcb27dc5844b83d535c3a8512b388b6062af65a98c49bdc0dd523d8b2617b188f7c8fee457158dc
  languageName: node
  linkType: hard

"pify@npm:^3.0.0":
  version: 3.0.0
  resolution: "pify@npm:3.0.0"
  checksum: 10c0/fead19ed9d801f1b1fcd0638a1ac53eabbb0945bf615f2f8806a8b646565a04a1b0e7ef115c951d225f042cca388fdc1cd3add46d10d1ed6951c20bd2998af10
  languageName: node
  linkType: hard

"pinkie-promise@npm:^2.0.0":
  version: 2.0.1
  resolution: "pinkie-promise@npm:2.0.1"
  dependencies:
    pinkie: "npm:^2.0.0"
  checksum: 10c0/11b5e5ce2b090c573f8fad7b517cbca1bb9a247587306f05ae71aef6f9b2cd2b923c304aa9663c2409cfde27b367286179f1379bc4ec18a3fbf2bb0d473b160a
  languageName: node
  linkType: hard

"pinkie@npm:^2.0.0":
  version: 2.0.4
  resolution: "pinkie@npm:2.0.4"
  checksum: 10c0/25228b08b5597da42dc384221aa0ce56ee0fbf32965db12ba838e2a9ca0193c2f0609c45551ee077ccd2060bf109137fdb185b00c6d7e0ed7e35006d20fdcbc6
  languageName: node
  linkType: hard

"prepend-http@npm:^2.0.0":
  version: 2.0.0
  resolution: "prepend-http@npm:2.0.0"
  checksum: 10c0/b023721ffd967728e3a25e3a80dd73827e9444e586800ab90a21b3a8e67f362d28023085406ad53a36db1e4d98cb10e43eb37d45c6b733140a9165ead18a0987
  languageName: node
  linkType: hard

"process-nextick-args@npm:~2.0.0":
  version: 2.0.0
  resolution: "process-nextick-args@npm:2.0.0"
  checksum: 10c0/2a476ebe6fa5035e8fc9825ccbd536fb8dd52631d9e84f80e07c91fdf1b340ae40a0eba701029bb8b8eff63c65ac4b6b1e0f5c621a32a125c4722b494a8219ed
  languageName: node
  linkType: hard

"proto-list@npm:~1.2.1":
  version: 1.2.4
  resolution: "proto-list@npm:1.2.4"
  checksum: 10c0/b9179f99394ec8a68b8afc817690185f3b03933f7b46ce2e22c1930dc84b60d09f5ad222beab4e59e58c6c039c7f7fcf620397235ef441a356f31f9744010e12
  languageName: node
  linkType: hard

"proxy-from-env@npm:^1.1.0":
  version: 1.1.0
  resolution: "proxy-from-env@npm:1.1.0"
  checksum: 10c0/fe7dd8b1bdbbbea18d1459107729c3e4a2243ca870d26d34c2c1bcd3e4425b7bcc5112362df2d93cc7fb9746f6142b5e272fd1cc5c86ddf8580175186f6ad42b
  languageName: node
  linkType: hard

"query-string@npm:^5.0.1":
  version: 5.1.1
  resolution: "query-string@npm:5.1.1"
  dependencies:
    decode-uri-component: "npm:^0.2.0"
    object-assign: "npm:^4.1.0"
    strict-uri-encode: "npm:^1.0.0"
  checksum: 10c0/25adf37fe9a5b749da55ef91192d190163c44283826b425fa86eeb1fa567cf500a32afc2c602d4f661839d86ca49c2f8d49433b3c1b44b9129a37a5d3da55f89
  languageName: node
  linkType: hard

"readable-stream@npm:^2.0.0, readable-stream@npm:^2.3.0, readable-stream@npm:^2.3.5":
  version: 2.3.6
  resolution: "readable-stream@npm:2.3.6"
  dependencies:
    core-util-is: "npm:~1.0.0"
    inherits: "npm:~2.0.3"
    isarray: "npm:~1.0.0"
    process-nextick-args: "npm:~2.0.0"
    safe-buffer: "npm:~5.1.1"
    string_decoder: "npm:~1.1.1"
    util-deprecate: "npm:~1.0.1"
  checksum: 10c0/0765bb018211c880e3aaa600bf624dcb08bfd58f827137f6afb713bb128c1b2f8a5a47d88532950e324924e0b98acf48050319ea9dc42540e269f85f87c830b3
  languageName: node
  linkType: hard

"responselike@npm:1.0.2":
  version: 1.0.2
  resolution: "responselike@npm:1.0.2"
  dependencies:
    lowercase-keys: "npm:^1.0.0"
  checksum: 10c0/1c2861d1950790da96159ca490eda645130eaf9ccc4d76db20f685ba944feaf30f45714b4318f550b8cd72990710ad68355ff15c41da43ed9a93c102c0ffa403
  languageName: node
  linkType: hard

"safe-buffer@npm:^5.0.1, safe-buffer@npm:^5.1.1, safe-buffer@npm:~5.1.0, safe-buffer@npm:~5.1.1":
  version: 5.1.2
  resolution: "safe-buffer@npm:5.1.2"
  checksum: 10c0/780ba6b5d99cc9a40f7b951d47152297d0e260f0df01472a1b99d4889679a4b94a13d644f7dbc4f022572f09ae9005fa2fbb93bbbd83643316f365a3e9a45b21
  languageName: node
  linkType: hard

"seek-bzip@npm:^1.0.5":
  version: 1.0.5
  resolution: "seek-bzip@npm:1.0.5"
  dependencies:
    commander: "npm:~2.8.1"
  bin:
    seek-bunzip: ./bin/seek-bunzip
    seek-table: ./bin/seek-bzip-table
  checksum: 10c0/807ef493f1ebac8a2e2af87d5081a83a2b1cc53320676b86cd7cd85cafae12c8c678e58c8936df546cdcc6ca7f7f7357c9a7629682ae232f894dde1fe55196c6
  languageName: node
  linkType: hard

"sort-keys-length@npm:^1.0.0":
  version: 1.0.1
  resolution: "sort-keys-length@npm:1.0.1"
  dependencies:
    sort-keys: "npm:^1.0.0"
  checksum: 10c0/4567d08aa859c7e48b7e2cba14a8ae09a100f6a3bd7cf5d21dccd808d6332c945b9a7e2230a95c16e0e6eac1a943cd050ae51a5d1b4c8ec4b1e89a5801be9aa2
  languageName: node
  linkType: hard

"sort-keys@npm:^1.0.0":
  version: 1.1.2
  resolution: "sort-keys@npm:1.1.2"
  dependencies:
    is-plain-obj: "npm:^1.0.0"
  checksum: 10c0/5dd383b0299a40277051f7498c3999520138e2eb50d422962f658738341c9e82349fad4a3024d5ba1a3122688fbaf958f2a472d4c53bade55515097c2ce15420
  languageName: node
  linkType: hard

"sort-keys@npm:^2.0.0":
  version: 2.0.0
  resolution: "sort-keys@npm:2.0.0"
  dependencies:
    is-plain-obj: "npm:^1.0.0"
  checksum: 10c0/c11a6313995cb67ccf35fed4b1f6734176cc1d1e350ee311c061a2340ada4f7e23b046db064d518b63adba98c0f763739920c59fb4659a0b8482ec7a1f255081
  languageName: node
  linkType: hard

"strict-uri-encode@npm:^1.0.0":
  version: 1.1.0
  resolution: "strict-uri-encode@npm:1.1.0"
  checksum: 10c0/eb8a4109ba2588239787389313ba58ec49e043d4c64a1d44716defe5821a68ae49abe0cdefed9946ca9fc2a4af7ecf321da92422b0a67258ec0a3638b053ae62
  languageName: node
  linkType: hard

"string_decoder@npm:~1.1.1":
  version: 1.1.1
  resolution: "string_decoder@npm:1.1.1"
  dependencies:
    safe-buffer: "npm:~5.1.0"
  checksum: 10c0/b4f89f3a92fd101b5653ca3c99550e07bdf9e13b35037e9e2a1c7b47cec4e55e06ff3fc468e314a0b5e80bfbaf65c1ca5a84978764884ae9413bec1fc6ca924e
  languageName: node
  linkType: hard

"strip-dirs@npm:^2.0.0":
  version: 2.1.0
  resolution: "strip-dirs@npm:2.1.0"
  dependencies:
    is-natural-number: "npm:^4.0.1"
  checksum: 10c0/073d6d08331ec2e87afc2c2535d7336fee1d63797384045e4ecb9908a5ac6615022ee000cc278d6bbc94147bed7350f7cf4657b6d18c377813f37e7ae329fb52
  languageName: node
  linkType: hard

"strip-outer@npm:^1.0.0":
  version: 1.0.1
  resolution: "strip-outer@npm:1.0.1"
  dependencies:
    escape-string-regexp: "npm:^1.0.2"
  checksum: 10c0/c0f38e6f37563d878a221b1c76f0822f180ec5fc39be5ada30ee637a7d5b59d19418093bad2b4db1e69c40d7a7a7ac50828afce07276cf3d51ac8965cb140dfb
  languageName: node
  linkType: hard

"tar-stream@npm:^1.5.2":
  version: 1.6.2
  resolution: "tar-stream@npm:1.6.2"
  dependencies:
    bl: "npm:^1.0.0"
    buffer-alloc: "npm:^1.2.0"
    end-of-stream: "npm:^1.0.0"
    fs-constants: "npm:^1.0.0"
    readable-stream: "npm:^2.3.0"
    to-buffer: "npm:^1.1.1"
    xtend: "npm:^4.0.0"
  checksum: 10c0/ab8528d2cc9ccd0906d1ce6d8089030b2c92a578c57645ff4971452c8c5388b34c7152c04ed64b8510d22a66ffaf0fee58bada7d6ab41ad1e816e31993d59cf3
  languageName: node
  linkType: hard

"through@npm:^2.3.6":
  version: 2.3.8
  resolution: "through@npm:2.3.8"
  checksum: 10c0/4b09f3774099de0d4df26d95c5821a62faee32c7e96fb1f4ebd54a2d7c11c57fe88b0a0d49cf375de5fee5ae6bf4eb56dbbf29d07366864e2ee805349970d3cc
  languageName: node
  linkType: hard

"timed-out@npm:^4.0.1":
  version: 4.0.1
  resolution: "timed-out@npm:4.0.1"
  checksum: 10c0/86f03ffce5b80c5a066e02e59e411d3fbbfcf242b19290ba76817b4180abd1b85558489586b6022b798fb1cf26fc644c0ce0efb9c271d67ec83fada4b9542a56
  languageName: node
  linkType: hard

"to-buffer@npm:^1.1.1":
  version: 1.1.1
  resolution: "to-buffer@npm:1.1.1"
  checksum: 10c0/fb9fc6a0103f2b06e2e01c3d291586d0148759d5584f35d0973376434d1b58bd6ee5df9273f0bb1190eb2a5747c894bf49fed571325a7ac10208a48f31736439
  languageName: node
  linkType: hard

"trim-repeated@npm:^1.0.0":
  version: 1.0.0
  resolution: "trim-repeated@npm:1.0.0"
  dependencies:
    escape-string-regexp: "npm:^1.0.2"
  checksum: 10c0/89acada0142ed0cdb113615a3e82fdb09e7fdb0e3504ded62762dd935bc27debfcc38edefa497dc7145d8dc8602d40dd9eec891e0ea6c28fa0cc384200b692db
  languageName: node
  linkType: hard

"tunnel-agent@npm:^0.6.0":
  version: 0.6.0
  resolution: "tunnel-agent@npm:0.6.0"
  dependencies:
    safe-buffer: "npm:^5.0.1"
  checksum: 10c0/4c7a1b813e7beae66fdbf567a65ec6d46313643753d0beefb3c7973d66fcec3a1e7f39759f0a0b4465883499c6dc8b0750ab8b287399af2e583823e40410a17a
  languageName: node
  linkType: hard

"unbzip2-stream@npm:^1.0.9":
  version: 1.3.1
  resolution: "unbzip2-stream@npm:1.3.1"
  dependencies:
    buffer: "npm:^3.0.1"
    through: "npm:^2.3.6"
  checksum: 10c0/17edde13b22d2ab07721de596b4c1a84e40ddb3040f81047b2b72c90732767d1077da3e74d2b7a4c8831278bb919998ec1eac727f4d1702612dd5930f520a835
  languageName: node
  linkType: hard

"undici-types@npm:~7.16.0":
  version: 7.16.0
  resolution: "undici-types@npm:7.16.0"
  checksum: 10c0/3033e2f2b5c9f1504bdc5934646cb54e37ecaca0f9249c983f7b1fc2e87c6d18399ebb05dc7fd5419e02b2e915f734d872a65da2e3eeed1813951c427d33cc9a
  languageName: node
  linkType: hard

"url-parse-lax@npm:^3.0.0":
  version: 3.0.0
  resolution: "url-parse-lax@npm:3.0.0"
  dependencies:
    prepend-http: "npm:^2.0.0"
  checksum: 10c0/16f918634d41a4fab9e03c5f9702968c9930f7c29aa1a8c19a6dc01f97d02d9b700ab9f47f8da0b9ace6e0c0e99c27848994de1465b494bced6940c653481e55
  languageName: node
  linkType: hard

"url-to-options@npm:^1.0.1":
  version: 1.0.1
  resolution: "url-to-options@npm:1.0.1"
  checksum: 10c0/3d8143bbc2ab0ead3cbc0c60803c274847bf69aa3ef8b2b77a7d58b1739de01efbfbcd7d7b15c8b6b540bb266ae10895a50a1477ce2d9895dfa2c67243e39c51
  languageName: node
  linkType: hard

"util-deprecate@npm:~1.0.1":
  version: 1.0.2
  resolution: "util-deprecate@npm:1.0.2"
  checksum: 10c0/41a5bdd214df2f6c3ecf8622745e4a366c4adced864bc3c833739791aeeeb1838119af7daed4ba36428114b5c67dcda034a79c882e97e43c03e66a4dd7389942
  languageName: node
  linkType: hard

"wrappy@npm:1":
  version: 1.0.2
  resolution: "wrappy@npm:1.0.2"
  checksum: 10c0/56fece1a4018c6a6c8e28fbc88c87e0fbf4ea8fd64fc6c63b18f4acc4bd13e0ad2515189786dd2c30d3eec9663d70f4ecf699330002f8ccb547e4a18231fc9f0
  languageName: node
  linkType: hard

"xtend@npm:^4.0.0":
  version: 4.0.1
  resolution: "xtend@npm:4.0.1"
  checksum: 10c0/d65fff2e1b78a517c03ab16e6d157efd39203637bdaac60964e89ce9fee7a59357a8dd45006ce7d8c2bdffa5c18d69d52ddd2d90b04517b9466b6d6dda6da7f2
  languageName: node
  linkType: hard

"yauzl@npm:^2.4.2":
  version: 2.10.0
  resolution: "yauzl@npm:2.10.0"
  dependencies:
    buffer-crc32: "npm:~0.2.3"
    fd-slicer: "npm:~1.1.0"
  checksum: 10c0/f265002af7541b9ec3589a27f5fb8f11cf348b53cc15e2751272e3c062cd73f3e715bc72d43257de71bbaecae446c3f1b14af7559e8ab0261625375541816422
  languageName: node
  linkType: hard
